
Microsoft Visual Studio Solution File, Format Version 9.00
# Visual C# Express 2005
Project("{FAE04EC0-301F-11D3-BF4B-00C04F79EFBC}") = "Client", "Client\Client.csproj", "{27E95B1C-B840-4539-8311-A65AEB426ADF}"
EndProject
Global
	GlobalSection(SolutionConfigurationPlatforms) = preSolution
		Debug|Any CPU = Debug|Any CPU
		Release|Any CPU = Release|Any CPU
	EndGlobalSection
	GlobalSection(ProjectConfigurationPlatforms) = postSolution
		{27E95B1C-B840-4539-8311-A65AEB426ADF}.Debug|Any CPU.ActiveCfg = Debug|Any CPU
		{27E95B1C-B840-4539-8311-A65AEB426ADF}.Debug|Any CPU.Build.0 = Debug|Any CPU
		{27E95B1C-B840-4539-8311-A65AEB426ADF}.Release|Any CPU.ActiveCfg = Release|Any CPU
		{27E95B1C-B840-4539-8311-A65AEB426ADF}.Release|Any CPU.Build.0 = Release|Any CPU
	EndGlobalSection
	GlobalSection(SolutionProperties) = preSolution
		HideSolutionNode = FALSE
	EndGlobalSection
EndGlobal
